# images.lock -- DO NOT EDIT (generated by biznez-cli build-release)
# Source of truth for image digests, registry locations, and supply chain metadata.
# See claud_doc/packaging/phase-8-release-pipeline.md for schema documentation.
# Note: imageDigest/indexDigest are intentionally empty for dev builds.
# Production releases populate these via `biznez-cli build-release` for content-pinning.
version: "0.0.0-dev"
generatedBy:
  tool: "biznez-cli"
  toolVersion: ""
  crane: ""
  syft: ""
  trivy: ""
platform: linux/amd64
releaseRegistry: ""
images:
  - name: platform-api
    sourceRepo: "europe-west2-docker.pkg.dev/mcpserver-469909/biznez-backend/platform-api"
    targetRepo: "biznez/platform-api"
    releaseRepo: ""
    tag: "dev-f4ba68507c245e064f6572131748b0cf2d190a47"
    imageDigest: ""
    indexDigest: ""
  - name: web-app
    sourceRepo: "europe-west2-docker.pkg.dev/mcpserver-469909/biznez-frontend/web-app"
    targetRepo: "biznez/web-app"
    releaseRepo: ""
    tag: "dev-fd569a7"
    imageDigest: ""
    indexDigest: ""
  - name: agentgateway
    sourceRepo: "ghcr.io/agentgateway/agentgateway"
    targetRepo: "biznez/thirdparty/agentgateway"
    releaseRepo: ""
    tag: "latest"
    imageDigest: ""
    indexDigest: ""
  - name: postgres
    sourceRepo: "docker.io/library/postgres"
    targetRepo: "biznez/thirdparty/postgres"
    releaseRepo: ""
    tag: "15-alpine"
    imageDigest: ""
    indexDigest: ""
